
Microsoft Visual Studio Solution File, Format Version 12.00
# Visual Studio Version 17
VisualStudioVersion = 17.10.35122.118
MinimumVisualStudioVersion = 10.0.40219.1
Project("{FAE04EC0-301F-11D3-BF4B-00C04F79EFBC}") = "NotFollowingDependencyInversion", "NotFollowingDependencyInversion\NotFollowingDependencyInversion.csproj", "{5B39F298-0EB3-4FB1-8501-78F44531E5D3}"
EndProject
Project("{FAE04EC0-301F-11D3-BF4B-00C04F79EFBC}") = "FollowingDependencyInversion", "FollowingDependencyInversion\FollowingDependencyInversion.csproj", "{68C6931C-BCE4-4BDF-A656-B2E99344035F}"
EndProject
Project("{FAE04EC0-301F-11D3-BF4B-00C04F79EFBC}") = "CustomInversionOfControlContainer", "CustomInversionOfControlContainer\CustomInversionOfControlContainer.csproj", "{F448BADD-17FD-42BB-AD64-34AFC1E93A22}"
EndProject
Global
	GlobalSection(SolutionConfigurationPlatforms) = preSolution
		Debug|Any CPU = Debug|Any CPU
		Release|Any CPU = Release|Any CPU
	EndGlobalSection
	GlobalSection(ProjectConfigurationPlatforms) = postSolution
		{5B39F298-0EB3-4FB1-8501-78F44531E5D3}.Debug|Any CPU.ActiveCfg = Debug|Any CPU
		{5B39F298-0EB3-4FB1-8501-78F44531E5D3}.Debug|Any CPU.Build.0 = Debug|Any CPU
		{5B39F298-0EB3-4FB1-8501-78F44531E5D3}.Release|Any CPU.ActiveCfg = Release|Any CPU
		{5B39F298-0EB3-4FB1-8501-78F44531E5D3}.Release|Any CPU.Build.0 = Release|Any CPU
		{68C6931C-BCE4-4BDF-A656-B2E99344035F}.Debug|Any CPU.ActiveCfg = Debug|Any CPU
		{68C6931C-BCE4-4BDF-A656-B2E99344035F}.Debug|Any CPU.Build.0 = Debug|Any CPU
		{68C6931C-BCE4-4BDF-A656-B2E99344035F}.Release|Any CPU.ActiveCfg = Release|Any CPU
		{68C6931C-BCE4-4BDF-A656-B2E99344035F}.Release|Any CPU.Build.0 = Release|Any CPU
		{F448BADD-17FD-42BB-AD64-34AFC1E93A22}.Debug|Any CPU.ActiveCfg = Debug|Any CPU
		{F448BADD-17FD-42BB-AD64-34AFC1E93A22}.Debug|Any CPU.Build.0 = Debug|Any CPU
		{F448BADD-17FD-42BB-AD64-34AFC1E93A22}.Release|Any CPU.ActiveCfg = Release|Any CPU
		{F448BADD-17FD-42BB-AD64-34AFC1E93A22}.Release|Any CPU.Build.0 = Release|Any CPU
	EndGlobalSection
	GlobalSection(SolutionProperties) = preSolution
		HideSolutionNode = FALSE
	EndGlobalSection
	GlobalSection(ExtensibilityGlobals) = postSolution
		SolutionGuid = {AB184C1E-2D6F-4D68-A929-18FFB4982545}
	EndGlobalSection
EndGlobal
